
Microsoft Visual Studio Solution File, Format Version 12.00
# Visual Studio Version 16
VisualStudioVersion = 16.0.32407.337
MinimumVisualStudioVersion = 10.0.40219.1
Project("{888888A0-9F3D-457C-B088-3A5042F75D52}") = "Nasa_Background", "Nasa_Background\Nasa_Background.pyproj", "{DA8ED82E-EFD8-4CDF-8432-72DDEC5BE80E}"
EndProject
Global
	GlobalSection(SolutionConfigurationPlatforms) = preSolution
		Debug|Any CPU = Debug|Any CPU
		Release|Any CPU = Release|Any CPU
	EndGlobalSection
	GlobalSection(ProjectConfigurationPlatforms) = postSolution
		{DA8ED82E-EFD8-4CDF-8432-72DDEC5BE80E}.Debug|Any CPU.ActiveCfg = Debug|Any CPU
		{DA8ED82E-EFD8-4CDF-8432-72DDEC5BE80E}.Release|Any CPU.ActiveCfg = Release|Any CPU
	EndGlobalSection
	GlobalSection(SolutionProperties) = preSolution
		HideSolutionNode = FALSE
	EndGlobalSection
	GlobalSection(ExtensibilityGlobals) = postSolution
		SolutionGuid = {3DDDA653-3734-4C29-B2B8-258148C52AAD}
	EndGlobalSection
EndGlobal
